{
  "name": "http-signature-rails-integration",
  "lockfileVersion": 3,
  "requires": true,
  "packages": {
    "": {
      "name": "http-signature-rails-integration",
      "dependencies": {
        "http-message-sig": "latest"
      }
    },
    "node_modules/http-message-sig": {
      "version": "0.1.0",
      "resolved": "https://registry.npmjs.org/http-message-sig/-/http-message-sig-0.1.0.tgz",
      "integrity": "sha512-F3ZRFxqgmo7RhftIr0mMi3yPJfqs7U0VHRlfq45pSbxHEXnh35c2BQoMSPp9Wxy4b5L8OvCNgUlb/pzdNeLM3Q==",
      "license": "Apache-2.0"
    }
  }
}
